// !$*UTF8*$!
{
	archiveVersion = 1;
	classes = {
	};
	objectVersion = 56;
	objects = {
		A00000000000000000000013 /* QuickNotesApp.swift in Sources */ = {isa = PBXBuildFile; fileRef = A00000000000000000000012 /* QuickNotesApp.swift */; };
		A00000000000000000000015 /* AppDelegate.swift in Sources */ = {isa = PBXBuildFile; fileRef = A00000000000000000000014 /* AppDelegate.swift */; };
		A00000000000000000000017 /* AppState.swift in Sources */ = {isa = PBXBuildFile; fileRef = A00000000000000000000016 /* AppState.swift */; };
		A00000000000000000000019 /* NotesService.swift in Sources */ = {isa = PBXBuildFile; fileRef = A00000000000000000000018 /* NotesService.swift */; };
		A0000000000000000000001B /* AppleScriptRunner.swift in Sources */ = {isa = PBXBuildFile; fileRef = A0000000000000000000001A /* AppleScriptRunner.swift */; };
		A0000000000000000000001D /* LaunchAtLoginManager.swift in Sources */ = {isa = PBXBuildFile; fileRef = A0000000000000000000001C /* LaunchAtLoginManager.swift */; };
		A0000000000000000000001F /* QuickNotesMenuBarView.swift in Sources */ = {isa = PBXBuildFile; fileRef = A0000000000000000000001E /* QuickNotesMenuBarView.swift */; };
		A00000000000000000000021 /* SettingsView.swift in Sources */ = {isa = PBXBuildFile; fileRef = A00000000000000000000020 /* SettingsView.swift */; };
		A00000000000000000000024 /* HotkeyManager.swift in Sources */ = {isa = PBXBuildFile; fileRef = A00000000000000000000029 /* HotkeyManager.swift */; };
		A00000000000000000000025 /* StatusItemController.swift in Sources */ = {isa = PBXBuildFile; fileRef = A0000000000000000000002A /* StatusItemController.swift */; };
		A0000000000000000000002C /* Assets.xcassets in Resources */ = {isa = PBXBuildFile; fileRef = A0000000000000000000002B /* Assets.xcassets */; };
		A00000000000000000000003 /* Wingit.app */ = {isa = PBXFileReference; explicitFileType = wrapper.application; includeInIndex = 0; path = "Wingit.app"; sourceTree = BUILT_PRODUCTS_DIR; };
		A00000000000000000000022 /* Info.plist */ = {isa = PBXFileReference; lastKnownFileType = text.plist.xml; path = Info.plist; sourceTree = "<group>"; };
		A00000000000000000000023 /* QuickNotes.entitlements */ = {isa = PBXFileReference; lastKnownFileType = text.plist.entitlements; path = QuickNotes.entitlements; sourceTree = "<group>"; };
		A00000000000000000000012 /* QuickNotesApp.swift */ = {isa = PBXFileReference; lastKnownFileType = sourcecode.swift; path = QuickNotesApp.swift; sourceTree = "<group>"; };
		A00000000000000000000014 /* AppDelegate.swift */ = {isa = PBXFileReference; lastKnownFileType = sourcecode.swift; path = AppDelegate.swift; sourceTree = "<group>"; };
		A00000000000000000000016 /* AppState.swift */ = {isa = PBXFileReference; lastKnownFileType = sourcecode.swift; path = AppState.swift; sourceTree = "<group>"; };
		A00000000000000000000018 /* NotesService.swift */ = {isa = PBXFileReference; lastKnownFileType = sourcecode.swift; path = NotesService.swift; sourceTree = "<group>"; };
		A0000000000000000000001A /* AppleScriptRunner.swift */ = {isa = PBXFileReference; lastKnownFileType = sourcecode.swift; path = AppleScriptRunner.swift; sourceTree = "<group>"; };
		A0000000000000000000001C /* LaunchAtLoginManager.swift */ = {isa = PBXFileReference; lastKnownFileType = sourcecode.swift; path = LaunchAtLoginManager.swift; sourceTree = "<group>"; };
		A0000000000000000000001E /* QuickNotesMenuBarView.swift */ = {isa = PBXFileReference; lastKnownFileType = sourcecode.swift; path = QuickNotesMenuBarView.swift; sourceTree = "<group>"; };
		A00000000000000000000020 /* SettingsView.swift */ = {isa = PBXFileReference; lastKnownFileType = sourcecode.swift; path = SettingsView.swift; sourceTree = "<group>"; };
		A00000000000000000000029 /* HotkeyManager.swift */ = {isa = PBXFileReference; lastKnownFileType = sourcecode.swift; path = HotkeyManager.swift; sourceTree = "<group>"; };
		A0000000000000000000002A /* StatusItemController.swift */ = {isa = PBXFileReference; lastKnownFileType = sourcecode.swift; path = StatusItemController.swift; sourceTree = "<group>"; };
		A0000000000000000000002B /* Assets.xcassets */ = {isa = PBXFileReference; lastKnownFileType = folder.assetcatalog; path = Assets.xcassets; sourceTree = "<group>"; };
		A00000000000000000000006 /* Frameworks */ = {isa = PBXFrameworksBuildPhase; buildActionMask = 2147483647; files = ( ); runOnlyForDeploymentPostprocessing = 0; };
		A00000000000000000000001 = {isa = PBXGroup; children = (
				A0000000000000000000000E,
				A00000000000000000000002
			); sourceTree = "<group>"; };
		A00000000000000000000002 /* Products */ = {isa = PBXGroup; children = (
				A00000000000000000000003 /* Wingit.app */
			); name = Products; sourceTree = "<group>"; };
		A0000000000000000000000E /* QuickNotes */ = {isa = PBXGroup; children = (
				A00000000000000000000012,
				A00000000000000000000014,
				A00000000000000000000016,
				A0000000000000000000000F,
				A00000000000000000000010,
				A00000000000000000000011,
				A0000000000000000000002B /* Assets.xcassets */,
				A00000000000000000000022,
				A00000000000000000000023
			); path = QuickNotes; sourceTree = "<group>"; };
		A0000000000000000000000F /* Services */ = {isa = PBXGroup; children = (
				A00000000000000000000018 /* NotesService.swift */,
				A0000000000000000000001A /* AppleScriptRunner.swift */,
				A00000000000000000000029 /* HotkeyManager.swift */,
				A0000000000000000000002A /* StatusItemController.swift */,
			); path = Services; sourceTree = "<group>"; };
		A00000000000000000000010 /* Helpers */ = {isa = PBXGroup; children = (
				A0000000000000000000001C /* LaunchAtLoginManager.swift */,
			); path = Helpers; sourceTree = "<group>"; };
		A00000000000000000000011 /* Views */ = {isa = PBXGroup; children = (
				A0000000000000000000001E /* QuickNotesMenuBarView.swift */,
				A00000000000000000000020 /* SettingsView.swift */,
			); path = Views; sourceTree = "<group>"; };
		A00000000000000000000004 /* Wingit */ = {
			isa = PBXNativeTarget;
			buildConfigurationList = A00000000000000000000009 /* Build configuration list for PBXNativeTarget "Wingit" */;
			buildPhases = (
				A00000000000000000000005 /* Sources */,
				A00000000000000000000006 /* Frameworks */,
				A00000000000000000000007 /* Resources */,
			);
			buildRules = ( );
			dependencies = ( );
			name = "Wingit";
			productName = "Wingit";
			productReference = A00000000000000000000003 /* Wingit.app */;
			productType = "com.apple.product-type.application";
		};
		A00000000000000000000000 /* Project object */ = {
			isa = PBXProject;
			attributes = {
				BuildIndependentTargetsInParallel = 1;
				LastSwiftUpdateCheck = 1500;
				LastUpgradeCheck = 1500;
				TargetAttributes = {
					A00000000000000000000004 = {
						CreatedOnToolsVersion = 15.0;
					};
				};
			};
			buildConfigurationList = A00000000000000000000008 /* Build configuration list for PBXProject "QuickNotes" */;
			compatibilityVersion = "Xcode 14.0";
			developmentRegion = en;
			hasScannedForEncodings = 0;
			knownRegions = ( en, Base );
			mainGroup = A00000000000000000000001;
			productRefGroup = A00000000000000000000002 /* Products */;
			projectDirPath = "";
			projectRoot = "";
			targets = ( A00000000000000000000004 /* Wingit */ );
		};
		A00000000000000000000007 /* Resources */ = {isa = PBXResourcesBuildPhase; buildActionMask = 2147483647; files = (
				A0000000000000000000002C /* Assets.xcassets in Resources */,
			); runOnlyForDeploymentPostprocessing = 0; };
		A00000000000000000000005 /* Sources */ = {isa = PBXSourcesBuildPhase; buildActionMask = 2147483647; files = (
				A00000000000000000000013 /* in Sources */,
				A00000000000000000000015 /* in Sources */,
				A00000000000000000000017 /* in Sources */,
				A00000000000000000000019 /* in Sources */,
				A0000000000000000000001B /* in Sources */,
				A0000000000000000000001D /* in Sources */,
				A0000000000000000000001F /* in Sources */,
				A00000000000000000000021 /* in Sources */,
				A00000000000000000000024 /* in Sources */,
				A00000000000000000000025 /* in Sources */,
			); runOnlyForDeploymentPostprocessing = 0; };
		A0000000000000000000000A /* Debug */ = {isa = XCBuildConfiguration; buildSettings = { ALWAYS_SEARCH_USER_PATHS = NO; CLANG_ANALYZER_NONNULL = YES; CLANG_ANALYZER_NUMBER_OBJECT_CONVERSION = YES_AGGRESSIVE; CLANG_CXX_LANGUAGE_STANDARD = "gnu++20"; CLANG_ENABLE_MODULES = YES; CLANG_ENABLE_OBJC_ARC = YES; CLANG_ENABLE_OBJC_WEAK = YES; CLANG_WARN_BLOCK_CAPTURE_AUTORELEASING = YES; CLANG_WARN_BOOL_CONVERSION = YES; CLANG_WARN_COMMA = YES; CLANG_WARN_CONSTANT_CONVERSION = YES; CLANG_WARN_DEPRECATED_OBJC_IMPLEMENTATIONS = YES; CLANG_WARN_DIRECT_OBJC_ISA_USAGE = YES_ERROR; CLANG_WARN_DOCUMENTATION_COMMENTS = YES; CLANG_WARN_EMPTY_BODY = YES; CLANG_WARN_ENUM_CONVERSION = YES; CLANG_WARN_INFINITE_RECURSION = YES; CLANG_WARN_INT_CONVERSION = YES; CLANG_WARN_NON_LITERAL_NULL_CONVERSION = YES; CLANG_WARN_OBJC_IMPLICIT_RETAIN_SELF = YES; CLANG_WARN_OBJC_LITERAL_CONVERSION = YES; CLANG_WARN_OBJC_ROOT_CLASS = YES_ERROR; CLANG_WARN_QUOTED_INCLUDE_IN_FRAMEWORK_HEADER = YES; CLANG_WARN_RANGE_LOOP_ANALYSIS = YES; CLANG_WARN_STRICT_PROTOTYPES = YES; CLANG_WARN_SUSPICIOUS_MOVE = YES; CLANG_WARN_UNGUARDED_AVAILABILITY = YES_AGGRESSIVE; CLANG_WARN_UNREACHABLE_CODE = YES; CLANG_WARN__DUPLICATE_METHOD_MATCH = YES; COPY_PHASE_STRIP = NO; ENABLE_STRICT_OBJC_MSGSEND = YES; ENABLE_TESTABILITY = YES; GCC_C_LANGUAGE_STANDARD = gnu17; GCC_NO_COMMON_BLOCKS = YES; GCC_WARN_64_TO_32_BIT_CONVERSION = YES; GCC_WARN_ABOUT_RETURN_TYPE = YES_ERROR; GCC_WARN_UNDECLARED_SELECTOR = YES; GCC_WARN_UNINITIALIZED_AUTOS = YES_AGGRESSIVE; GCC_WARN_UNUSED_FUNCTION = YES; GCC_WARN_UNUSED_VARIABLE = YES; MACOSX_DEPLOYMENT_TARGET = 14.0; SDKROOT = macosx; SWIFT_VERSION = 5.0; DEBUG_INFORMATION_FORMAT = dwarf; GCC_OPTIMIZATION_LEVEL = 0; SWIFT_ACTIVE_COMPILATION_CONDITIONS = DEBUG; SWIFT_OPTIMIZATION_LEVEL = "-Onone"; }; name = Debug; };
		A0000000000000000000000B /* Release */ = {isa = XCBuildConfiguration; buildSettings = { ALWAYS_SEARCH_USER_PATHS = NO; CLANG_ANALYZER_NONNULL = YES; CLANG_ANALYZER_NUMBER_OBJECT_CONVERSION = YES_AGGRESSIVE; CLANG_CXX_LANGUAGE_STANDARD = "gnu++20"; CLANG_ENABLE_MODULES = YES; CLANG_ENABLE_OBJC_ARC = YES; CLANG_ENABLE_OBJC_WEAK = YES; CLANG_WARN_BLOCK_CAPTURE_AUTORELEASING = YES; CLANG_WARN_BOOL_CONVERSION = YES; CLANG_WARN_COMMA = YES; CLANG_WARN_CONSTANT_CONVERSION = YES; CLANG_WARN_DEPRECATED_OBJC_IMPLEMENTATIONS = YES; CLANG_WARN_DIRECT_OBJC_ISA_USAGE = YES_ERROR; CLANG_WARN_DOCUMENTATION_COMMENTS = YES; CLANG_WARN_EMPTY_BODY = YES; CLANG_WARN_ENUM_CONVERSION = YES; CLANG_WARN_INFINITE_RECURSION = YES; CLANG_WARN_INT_CONVERSION = YES; CLANG_WARN_NON_LITERAL_NULL_CONVERSION = YES; CLANG_WARN_OBJC_IMPLICIT_RETAIN_SELF = YES; CLANG_WARN_OBJC_LITERAL_CONVERSION = YES; CLANG_WARN_OBJC_ROOT_CLASS = YES_ERROR; CLANG_WARN_QUOTED_INCLUDE_IN_FRAMEWORK_HEADER = YES; CLANG_WARN_RANGE_LOOP_ANALYSIS = YES; CLANG_WARN_STRICT_PROTOTYPES = YES; CLANG_WARN_SUSPICIOUS_MOVE = YES; CLANG_WARN_UNGUARDED_AVAILABILITY = YES_AGGRESSIVE; CLANG_WARN_UNREACHABLE_CODE = YES; CLANG_WARN__DUPLICATE_METHOD_MATCH = YES; COPY_PHASE_STRIP = NO; ENABLE_STRICT_OBJC_MSGSEND = YES; ENABLE_TESTABILITY = YES; GCC_C_LANGUAGE_STANDARD = gnu17; GCC_NO_COMMON_BLOCKS = YES; GCC_WARN_64_TO_32_BIT_CONVERSION = YES; GCC_WARN_ABOUT_RETURN_TYPE = YES_ERROR; GCC_WARN_UNDECLARED_SELECTOR = YES; GCC_WARN_UNINITIALIZED_AUTOS = YES_AGGRESSIVE; GCC_WARN_UNUSED_FUNCTION = YES; GCC_WARN_UNUSED_VARIABLE = YES; MACOSX_DEPLOYMENT_TARGET = 14.0; SDKROOT = macosx; SWIFT_VERSION = 5.0; DEBUG_INFORMATION_FORMAT = "dwarf-with-dsym"; ENABLE_TESTABILITY = NO; SWIFT_COMPILATION_MODE = wholemodule; SWIFT_OPTIMIZATION_LEVEL = "-O"; }; name = Release; };
		A0000000000000000000000C /* Debug */ = {isa = XCBuildConfiguration; buildSettings = { CODE_SIGN_ENTITLEMENTS = QuickNotes/QuickNotes.entitlements; CODE_SIGN_STYLE = Automatic; COMBINE_HIDPI_IMAGES = YES; CURRENT_PROJECT_VERSION = 1; ENABLE_HARDENED_RUNTIME = YES; GENERATE_INFOPLIST_FILE = NO; INFOPLIST_FILE = QuickNotes/Info.plist; MARKETING_VERSION = 1.0; PRODUCT_BUNDLE_IDENTIFIER = com.example.wingit; PRODUCT_NAME = "Wingit"; SWIFT_EMIT_LOC_STRINGS = YES; SWIFT_VERSION = 5.0; }; name = Debug; };
		A0000000000000000000000D /* Release */ = {isa = XCBuildConfiguration; buildSettings = { CODE_SIGN_ENTITLEMENTS = QuickNotes/QuickNotes.entitlements; CODE_SIGN_STYLE = Automatic; COMBINE_HIDPI_IMAGES = YES; CURRENT_PROJECT_VERSION = 1; ENABLE_HARDENED_RUNTIME = YES; GENERATE_INFOPLIST_FILE = NO; INFOPLIST_FILE = QuickNotes/Info.plist; MARKETING_VERSION = 1.0; PRODUCT_BUNDLE_IDENTIFIER = com.example.wingit; PRODUCT_NAME = "Wingit"; SWIFT_EMIT_LOC_STRINGS = YES; SWIFT_VERSION = 5.0; }; name = Release; };
		A00000000000000000000008 /* Build configuration list for PBXProject "QuickNotes" */ = {isa = XCConfigurationList; buildConfigurations = ( A0000000000000000000000A /* Debug */, A0000000000000000000000B /* Release */ ); defaultConfigurationIsVisible = 0; defaultConfigurationName = Release; };
		A00000000000000000000009 /* Build configuration list for PBXNativeTarget "Wingit" */ = {isa = XCConfigurationList; buildConfigurations = ( A0000000000000000000000C /* Debug */, A0000000000000000000000D /* Release */ ); defaultConfigurationIsVisible = 0; defaultConfigurationName = Release; };
	};
	rootObject = A00000000000000000000000 /* Project object */;
}
